<?xml version="1.0" encoding="utf-8"?>
<Project ToolsVersion="4.0" xmlns="http://schemas.microsoft.com/developer/msbuild/2003">
  <ItemGroup>
    <Filter Include="Source Files">
      <UniqueIdentifier>{4FC737F1-C7A5-4376-A066-2A32D752A2FF}</UniqueIdentifier>
      <Extensions>cpp;c;cc;cxx;def;odl;idl;hpj;bat;asm;asmx</Extensions>
    </Filter>
    <Filter Include="Header Files">
      <UniqueIdentifier>{93995380-89BD-4b04-88EB-625FBE52EBFB}</UniqueIdentifier>
      <Extensions>h;hh;hpp;hxx;hm;inl;inc;xsd</Extensions>
    </Filter>
    <Filter Include="Resource Files">
      <UniqueIdentifier>{67DA6AB6-F800-4c08-8B7A-83BB121AAD01}</UniqueIdentifier>
      <Extensions>rc;ico;cur;bmp;dlg;rc2;rct;bin;rgs;gif;jpg;jpeg;jpe;resx;tiff;tif;png;wav;mfcribbon-ms</Extensions>
    </Filter>
  </ItemGroup>
  <ItemGroup>
    <ClCompile Include="ECSUtil.cpp">
      <Filter>Source Files</Filter>
    </ClCompile>
    <ClCompile Include="stdafx.cpp">
      <Filter>Source Files</Filter>
    </ClCompile>
    <ClCompile Include="cbuffer.cpp">
      <Filter>Source Files</Filter>
    </ClCompile>
    <ClCompile Include="CRWLock.cpp">
      <Filter>Source Files</Filter>
    </ClCompile>
    <ClCompile Include="fmtnum.cpp">
      <Filter>Source Files</Filter>
    </ClCompile>
    <ClCompile Include="ThreadPool.cpp">
      <Filter>Source Files</Filter>
    </ClCompile>
    <ClCompile Include="CSharedQueue.cpp">
      <Filter>Source Files</Filter>
    </ClCompile>
    <ClCompile Include="SimpleWorkerThread.cpp">
      <Filter>Source Files</Filter>
    </ClCompile>
    <ClCompile Include="ProcessEvent.cpp">
      <Filter>Source Files</Filter>
    </ClCompile>
    <ClCompile Include="CngAES_GCM.cpp">
      <Filter>Source Files</Filter>
    </ClCompile>
    <ClCompile Include="XmlLiteUtil.cpp">
      <Filter>Source Files</Filter>
    </ClCompile>
    <ClCompile Include="Logging.cpp">
      <Filter>Source Files</Filter>
    </ClCompile>
    <ClCompile Include="S3Error.cpp">
      <Filter>Source Files</Filter>
    </ClCompile>
    <ClCompile Include="UriUtils.cpp">
      <Filter>Source Files</Filter>
    </ClCompile>
    <ClCompile Include="NTERRTXT.CPP">
      <Filter>Source Files</Filter>
    </ClCompile>
    <ClCompile Include="ECSConnection.cpp">
      <Filter>Source Files</Filter>
    </ClCompile>
    <ClCompile Include="FileSupport.cpp">
      <Filter>Source Files</Filter>
    </ClCompile>
    <ClCompile Include="ECSGlobal.cpp">
      <Filter>Source Files</Filter>
    </ClCompile>
  </ItemGroup>
  <ItemGroup>
    <ClInclude Include="ECSUtil.h">
      <Filter>Header Files</Filter>
    </ClInclude>
    <ClInclude Include="stdafx.h">
      <Filter>Header Files</Filter>
    </ClInclude>
    <ClInclude Include="targetver.h">
      <Filter>Header Files</Filter>
    </ClInclude>
    <ClInclude Include="Resource.h">
      <Filter>Header Files</Filter>
    </ClInclude>
    <ClInclude Include="cbuffer.h">
      <Filter>Header Files</Filter>
    </ClInclude>
    <ClInclude Include="CRWLock.h">
      <Filter>Header Files</Filter>
    </ClInclude>
    <ClInclude Include="fmtnum.h">
      <Filter>Header Files</Filter>
    </ClInclude>
    <ClInclude Include="ThreadPool.h">
      <Filter>Header Files</Filter>
    </ClInclude>
    <ClInclude Include="CSharedQueue.h">
      <Filter>Header Files</Filter>
    </ClInclude>
    <ClInclude Include="SimpleWorkerThread.h">
      <Filter>Header Files</Filter>
    </ClInclude>
    <ClInclude Include="exportdef.h">
      <Filter>Header Files</Filter>
    </ClInclude>
    <ClInclude Include="ProcessEvent.h">
      <Filter>Header Files</Filter>
    </ClInclude>
    <ClInclude Include="CngAES_GCM.h">
      <Filter>Header Files</Filter>
    </ClInclude>
    <ClInclude Include="XmlLiteUtil.h">
      <Filter>Header Files</Filter>
    </ClInclude>
    <ClInclude Include="widestring.h">
      <Filter>Header Files</Filter>
    </ClInclude>
    <ClInclude Include="generic_defs.h">
      <Filter>Header Files</Filter>
    </ClInclude>
    <ClInclude Include="Logging.h">
      <Filter>Header Files</Filter>
    </ClInclude>
    <ClInclude Include="S3Error.h">
      <Filter>Header Files</Filter>
    </ClInclude>
    <ClInclude Include="UriUtils.h">
      <Filter>Header Files</Filter>
    </ClInclude>
    <ClInclude Include="NTERRTXT.H">
      <Filter>Header Files</Filter>
    </ClInclude>
    <ClInclude Include="libhandle.h">
      <Filter>Header Files</Filter>
    </ClInclude>
    <ClInclude Include="ECSConnection.h">
      <Filter>Header Files</Filter>
    </ClInclude>
    <ClInclude Include="FileSupport.h">
      <Filter>Header Files</Filter>
    </ClInclude>
    <ClInclude Include="ECSGlobal.h">
      <Filter>Header Files</Filter>
    </ClInclude>
    <ClInclude Include="Version.h">
      <Filter>Header Files</Filter>
    </ClInclude>
    <ClInclude Include="DLLFUNC.H">
      <Filter>Header Files</Filter>
    </ClInclude>
    <ClInclude Include="dyndll.h">
      <Filter>Header Files</Filter>
    </ClInclude>
  </ItemGroup>
  <ItemGroup>
    <None Include="ECSUtil.def">
      <Filter>Source Files</Filter>
    </None>
    <None Include="res\ECSUtil.rc2">
      <Filter>Resource Files</Filter>
    </None>
  </ItemGroup>
  <ItemGroup>
    <ResourceCompile Include="ECSUtil.rc">
      <Filter>Resource Files</Filter>
    </ResourceCompile>
  </ItemGroup>
  <ItemGroup>
    <Natvis Include="ECSUtil.natvis" />
  </ItemGroup>
</Project>